
Microsoft Visual Studio Solution File, Format Version 12.00
# Visual Studio Version 17
VisualStudioVersion = 17.1.32210.238
MinimumVisualStudioVersion = 10.0.40219.1
Project("{FAE04EC0-301F-11D3-BF4B-00C04F79EFBC}") = "Tests", "Tests\Tests.csproj", "{50B1F557-2D85-49BE-846A-AF2590A8FA2D}"
EndProject
Global
	GlobalSection(SolutionConfigurationPlatforms) = preSolution
		Debug|Any CPU = Debug|Any CPU
		Release|Any CPU = Release|Any CPU
	EndGlobalSection
	GlobalSection(ProjectConfigurationPlatforms) = postSolution
		{50B1F557-2D85-49BE-846A-AF2590A8FA2D}.Debug|Any CPU.ActiveCfg = Debug|Any CPU
		{50B1F557-2D85-49BE-846A-AF2590A8FA2D}.Debug|Any CPU.Build.0 = Debug|Any CPU
		{50B1F557-2D85-49BE-846A-AF2590A8FA2D}.Release|Any CPU.ActiveCfg = Release|Any CPU
		{50B1F557-2D85-49BE-846A-AF2590A8FA2D}.Release|Any CPU.Build.0 = Release|Any CPU
	EndGlobalSection
	GlobalSection(SolutionProperties) = preSolution
		HideSolutionNode = FALSE
	EndGlobalSection
	GlobalSection(ExtensibilityGlobals) = postSolution
		SolutionGuid = {365F8D07-61F2-4762-9F6D-32DF7AF1C75F}
	EndGlobalSection
EndGlobal
